// !$*UTF8*$!
{
	archiveVersion = 1;
	classes = {
	};
	objectVersion = 51;
	objects = {

/* Begin PBXBuildFile section */
		B3C965D17AE5E6237C1BE97D /* Pods_ascr.framework in Frameworks */ = {isa = PBXBuildFile; fileRef = 63C51023399F35F4CFE3B6D1 /* Pods_ascr.framework */; };
		FA52404F22B0F57E00EAA163 /* art.scnassets in Resources */ = {isa = PBXBuildFile; fileRef = FA52404E22B0F57E00EAA163 /* art.scnassets */; };
		FAC38BA722A7A86300A81354 /* AppDelegate.swift in Sources */ = {isa = PBXBuildFile; fileRef = FAC38BA622A7A86300A81354 /* AppDelegate.swift */; };
		FAC38BA922A7A86300A81354 /* ViewController.swift in Sources */ = {isa = PBXBuildFile; fileRef = FAC38BA822A7A86300A81354 /* ViewController.swift */; };
		FAC38BAC22A7A86300A81354 /* Main.storyboard in Resources */ = {isa = PBXBuildFile; fileRef = FAC38BAA22A7A86300A81354 /* Main.storyboard */; };
		FAC38BAE22A7A86400A81354 /* Assets.xcassets in Resources */ = {isa = PBXBuildFile; fileRef = FAC38BAD22A7A86400A81354 /* Assets.xcassets */; };
		FAC38BB122A7A86400A81354 /* LaunchScreen.storyboard in Resources */ = {isa = PBXBuildFile; fileRef = FAC38BAF22A7A86400A81354 /* LaunchScreen.storyboard */; };
/* End PBXBuildFile section */

/* Begin PBXFileReference section */
		63C51023399F35F4CFE3B6D1 /* Pods_ascr.framework */ = {isa = PBXFileReference; explicitFileType = wrapper.framework; includeInIndex = 0; path = Pods_ascr.framework; sourceTree = BUILT_PRODUCTS_DIR; };
		A50D24A1F1B608B096BFAD8A /* Pods-ascr.release.xcconfig */ = {isa = PBXFileReference; includeInIndex = 1; lastKnownFileType = text.xcconfig; name = "Pods-ascr.release.xcconfig"; path = "Target Support Files/Pods-ascr/Pods-ascr.release.xcconfig"; sourceTree = "<group>"; };
		F0ED23628A9F4AB451B99C4B /* Pods-ascr.debug.xcconfig */ = {isa = PBXFileReference; includeInIndex = 1; lastKnownFileType = text.xcconfig; name = "Pods-ascr.debug.xcconfig"; path = "Target Support Files/Pods-ascr/Pods-ascr.debug.xcconfig"; sourceTree = "<group>"; };
		FA52404E22B0F57E00EAA163 /* art.scnassets */ = {isa = PBXFileReference; lastKnownFileType = wrapper.scnassets; path = art.scnassets; sourceTree = "<group>"; };
		FAC38BA322A7A86300A81354 /* ascr.app */ = {isa = PBXFileReference; explicitFileType = wrapper.application; includeInIndex = 0; path = ascr.app; sourceTree = BUILT_PRODUCTS_DIR; };
		FAC38BA622A7A86300A81354 /* AppDelegate.swift */ = {isa = PBXFileReference; lastKnownFileType = sourcecode.swift; path = AppDelegate.swift; sourceTree = "<group>"; };
		FAC38BA822A7A86300A81354 /* ViewController.swift */ = {isa = PBXFileReference; lastKnownFileType = sourcecode.swift; path = ViewController.swift; sourceTree = "<group>"; };
		FAC38BAB22A7A86300A81354 /* Base */ = {isa = PBXFileReference; lastKnownFileType = file.storyboard; name = Base; path = Base.lproj/Main.storyboard; sourceTree = "<group>"; };
		FAC38BAD22A7A86400A81354 /* Assets.xcassets */ = {isa = PBXFileReference; lastKnownFileType = folder.assetcatalog; path = Assets.xcassets; sourceTree = "<group>"; };
		FAC38BB022A7A86400A81354 /* Base */ = {isa = PBXFileReference; lastKnownFileType = file.storyboard; name = Base; path = Base.lproj/LaunchScreen.storyboard; sourceTree = "<group>"; };
		FAC38BB222A7A86400A81354 /* Info.plist */ = {isa = PBXFileReference; lastKnownFileType = text.plist.xml; path = Info.plist; sourceTree = "<group>"; };
/* End PBXFileReference section */

/* Begin PBXFrameworksBuildPhase section */
		FAC38BA022A7A86300A81354 /* Frameworks */ = {
			isa = PBXFrameworksBuildPhase;
			buildActionMask = 2147483647;
			files = (
				B3C965D17AE5E6237C1BE97D /* Pods_ascr.framework in Frameworks */,
			);
			runOnlyForDeploymentPostprocessing = 0;
		};
/* End PBXFrameworksBuildPhase section */

/* Begin PBXGroup section */
		23A39CB78DEEF923779AE2B9 /* Pods */ = {
			isa = PBXGroup;
			children = (
				F0ED23628A9F4AB451B99C4B /* Pods-ascr.debug.xcconfig */,
				A50D24A1F1B608B096BFAD8A /* Pods-ascr.release.xcconfig */,
			);
			path = Pods;
			sourceTree = "<group>";
		};
		77160761775CF94EE662E1B6 /* Frameworks */ = {
			isa = PBXGroup;
			children = (
				63C51023399F35F4CFE3B6D1 /* Pods_ascr.framework */,
			);
			name = Frameworks;
			sourceTree = "<group>";
		};
		FAC38B9A22A7A86300A81354 = {
			isa = PBXGroup;
			children = (
				FAC38BA522A7A86300A81354 /* ascr */,
				FAC38BA422A7A86300A81354 /* Products */,
				23A39CB78DEEF923779AE2B9 /* Pods */,
				77160761775CF94EE662E1B6 /* Frameworks */,
			);
			sourceTree = "<group>";
		};
		FAC38BA422A7A86300A81354 /* Products */ = {
			isa = PBXGroup;
			children = (
				FAC38BA322A7A86300A81354 /* ascr.app */,
			);
			name = Products;
			sourceTree = "<group>";
		};
		FAC38BA522A7A86300A81354 /* ascr */ = {
			isa = PBXGroup;
			children = (
				FAC38BA622A7A86300A81354 /* AppDelegate.swift */,
				FAC38BA822A7A86300A81354 /* ViewController.swift */,
				FAC38BAA22A7A86300A81354 /* Main.storyboard */,
				FA52404E22B0F57E00EAA163 /* art.scnassets */,
				FAC38BAD22A7A86400A81354 /* Assets.xcassets */,
				FAC38BAF22A7A86400A81354 /* LaunchScreen.storyboard */,
				FAC38BB222A7A86400A81354 /* Info.plist */,
			);
			path = ascr;
			sourceTree = "<group>";
		};
/* End PBXGroup section */

/* Begin PBXNativeTarget section */
		FAC38BA222A7A86300A81354 /* ascr */ = {
			isa = PBXNativeTarget;
			buildConfigurationList = FAC38BB522A7A86400A81354 /* Build configuration list for PBXNativeTarget "ascr" */;
			buildPhases = (
				C6618CF7CFA50BFD024A2503 /* [CP] Check Pods Manifest.lock */,
				FAC38B9F22A7A86300A81354 /* Sources */,
				FAC38BA022A7A86300A81354 /* Frameworks */,
				FAC38BA122A7A86300A81354 /* Resources */,
				BB0EDBBC3C2DB4FC361FC1CB /* [CP] Embed Pods Frameworks */,
			);
			buildRules = (
			);
			dependencies = (
			);
			name = ascr;
			productName = ascr;
			productReference = FAC38BA322A7A86300A81354 /* ascr.app */;
			productType = "com.apple.product-type.application";
		};
/* End PBXNativeTarget section */

/* Begin PBXProject section */
		FAC38B9B22A7A86300A81354 /* Project object */ = {
			isa = PBXProject;
			attributes = {
				LastSwiftUpdateCheck = 1010;
				LastUpgradeCheck = 1010;
				ORGANIZATIONNAME = alex;
				TargetAttributes = {
					FAC38BA222A7A86300A81354 = {
						CreatedOnToolsVersion = 10.1;
					};
				};
			};
			buildConfigurationList = FAC38B9E22A7A86300A81354 /* Build configuration list for PBXProject "ascr" */;
			compatibilityVersion = "Xcode 9.3";
			developmentRegion = en;
			hasScannedForEncodings = 0;
			knownRegions = (
				en,
				Base,
			);
			mainGroup = FAC38B9A22A7A86300A81354;
			productRefGroup = FAC38BA422A7A86300A81354 /* Products */;
			projectDirPath = "";
			projectRoot = "";
			targets = (
				FAC38BA222A7A86300A81354 /* ascr */,
			);
		};
/* End PBXProject section */

/* Begin PBXResourcesBuildPhase section */
		FAC38BA122A7A86300A81354 /* Resources */ = {
			isa = PBXResourcesBuildPhase;
			buildActionMask = 2147483647;
			files = (
				FAC38BB122A7A86400A81354 /* LaunchScreen.storyboard in Resources */,
				FA52404F22B0F57E00EAA163 /* art.scnassets in Resources */,
				FAC38BAE22A7A86400A81354 /* Assets.xcassets in Resources */,
				FAC38BAC22A7A86300A81354 /* Main.storyboard in Resources */,
			);
			runOnlyForDeploymentPostprocessing = 0;
		};
/* End PBXResourcesBuildPhase section */

/* Begin PBXShellScriptBuildPhase section */
		BB0EDBBC3C2DB4FC361FC1CB /* [CP] Embed Pods Frameworks */ = {
			isa = PBXShellScriptBuildPhase;
			buildActionMask = 2147483647;
			files = (
			);
			inputFileListPaths = (
				"${PODS_ROOT}/Target Support Files/Pods-ascr/Pods-ascr-frameworks-${CONFIGURATION}-input-files.xcfilelist",
			);
			name = "[CP] Embed Pods Frameworks";
			outputFileListPaths = (
				"${PODS_ROOT}/Target Support Files/Pods-ascr/Pods-ascr-frameworks-${CONFIGURATION}-output-files.xcfilelist",
			);
			runOnlyForDeploymentPostprocessing = 0;
			shellPath = /bin/sh;
			shellScript = "\"${PODS_ROOT}/Target Support Files/Pods-ascr/Pods-ascr-frameworks.sh\"\n";
			showEnvVarsInLog = 0;
		};
		C6618CF7CFA50BFD024A2503 /* [CP] Check Pods Manifest.lock */ = {
			isa = PBXShellScriptBuildPhase;
			buildActionMask = 2147483647;
			files = (
			);
			inputFileListPaths = (
			);
			inputPaths = (
				"${PODS_PODFILE_DIR_PATH}/Podfile.lock",
				"${PODS_ROOT}/Manifest.lock",
			);
			name = "[CP] Check Pods Manifest.lock";
			outputFileListPaths = (
			);
			outputPaths = (
				"$(DERIVED_FILE_DIR)/Pods-ascr-checkManifestLockResult.txt",
			);
			runOnlyForDeploymentPostprocessing = 0;
			shellPath = /bin/sh;
			shellScript = "diff \"${PODS_PODFILE_DIR_PATH}/Podfile.lock\" \"${PODS_ROOT}/Manifest.lock\" > /dev/null\nif [ $? != 0 ] ; then\n    # print error to STDERR\n    echo \"error: The sandbox is not in sync with the Podfile.lock. Run 'pod install' or update your CocoaPods installation.\" >&2\n    exit 1\nfi\n# This output is used by Xcode 'outputs' to avoid re-running this script phase.\necho \"SUCCESS\" > \"${SCRIPT_OUTPUT_FILE_0}\"\n";
			showEnvVarsInLog = 0;
		};
/* End PBXShellScriptBuildPhase section */

/* Begin PBXSourcesBuildPhase section */
		FAC38B9F22A7A86300A81354 /* Sources */ = {
			isa = PBXSourcesBuildPhase;
			buildActionMask = 2147483647;
			files = (
				FAC38BA922A7A86300A81354 /* ViewController.swift in Sources */,
				FAC38BA722A7A86300A81354 /* AppDelegate.swift in Sources */,
			);
			runOnlyForDeploymentPostprocessing = 0;
		};
/* End PBXSourcesBuildPhase section */

/* Begin PBXVariantGroup section */
		FAC38BAA22A7A86300A81354 /* Main.storyboard */ = {
			isa = PBXVariantGroup;
			children = (
				FAC38BAB22A7A86300A81354 /* Base */,
			);
			name = Main.storyboard;
			sourceTree = "<group>";
		};
		FAC38BAF22A7A86400A81354 /* LaunchScreen.storyboard */ = {
			isa = PBXVariantGroup;
			children = (
				FAC38BB022A7A86400A81354 /* Base */,
			);
			name = LaunchScreen.storyboard;
			sourceTree = "<group>";
		};
/* End PBXVariantGroup section */

/* Begin XCBuildConfiguration section */
		FAC38BB322A7A86400A81354 /* Debug */ = {
			isa = XCBuildConfiguration;
			buildSettings = {
				ALWAYS_SEARCH_USER_PATHS = NO;
				CLANG_ANALYZER_NONNULL = YES;
				CLANG_ANALYZER_NUMBER_OBJECT_CONVERSION = YES_AGGRESSIVE;
				CLANG_CXX_LANGUAGE_STANDARD = "gnu++14";
				CLANG_CXX_LIBRARY = "libc++";
				CLANG_ENABLE_MODULES = YES;
				CLANG_ENABLE_OBJC_ARC = YES;
				CLANG_ENABLE_OBJC_WEAK = YES;
				CLANG_WARN_BLOCK_CAPTURE_AUTORELEASING = YES;
				CLANG_WARN_BOOL_CONVERSION = YES;
				CLANG_WARN_COMMA = YES;
				CLANG_WARN_CONSTANT_CONVERSION = YES;
				CLANG_WARN_DEPRECATED_OBJC_IMPLEMENTATIONS = YES;
				CLANG_WARN_DIRECT_OBJC_ISA_USAGE = YES_ERROR;
				CLANG_WARN_DOCUMENTATION_COMMENTS = YES;
				CLANG_WARN_EMPTY_BODY = YES;
				CLANG_WARN_ENUM_CONVERSION = YES;
				CLANG_WARN_INFINITE_RECURSION = YES;
				CLANG_WARN_INT_CONVERSION = YES;
				CLANG_WARN_NON_LITERAL_NULL_CONVERSION = YES;
				CLANG_WARN_OBJC_IMPLICIT_RETAIN_SELF = YES;
				CLANG_WARN_OBJC_LITERAL_CONVERSION = YES;
				CLANG_WARN_OBJC_ROOT_CLASS = YES_ERROR;
				CLANG_WARN_RANGE_LOOP_ANALYSIS = YES;
				CLANG_WARN_STRICT_PROTOTYPES = YES;
				CLANG_WARN_SUSPICIOUS_MOVE = YES;
				CLANG_WARN_UNGUARDED_AVAILABILITY = YES_AGGRESSIVE;
				CLANG_WARN_UNREACHABLE_CODE = YES;
				CLANG_WARN__DUPLICATE_METHOD_MATCH = YES;
				CODE_SIGN_IDENTITY = "iPhone Developer";
				COPY_PHASE_STRIP = NO;
				DEBUG_INFORMATION_FORMAT = dwarf;
				ENABLE_STRICT_OBJC_MSGSEND = YES;
				ENABLE_TESTABILITY = YES;
				GCC_C_LANGUAGE_STANDARD = gnu11;
				GCC_DYNAMIC_NO_PIC = NO;
				GCC_NO_COMMON_BLOCKS = YES;
				GCC_OPTIMIZATION_LEVEL = 0;
				GCC_PREPROCESSOR_DEFINITIONS = (
					"DEBUG=1",
					"$(inherited)",
				);
				GCC_WARN_64_TO_32_BIT_CONVERSION = YES;
				GCC_WARN_ABOUT_RETURN_TYPE = YES_ERROR;
				GCC_WARN_UNDECLARED_SELECTOR = YES;
				GCC_WARN_UNINITIALIZED_AUTOS = YES_AGGRESSIVE;
				GCC_WARN_UNUSED_FUNCTION = YES;
				GCC_WARN_UNUSED_VARIABLE = YES;
				IPHONEOS_DEPLOYMENT_TARGET = 12.0;
				MTL_ENABLE_DEBUG_INFO = INCLUDE_SOURCE;
				MTL_FAST_MATH = YES;
				ONLY_ACTIVE_ARCH = YES;
				SDKROOT = iphoneos;
				SWIFT_ACTIVE_COMPILATION_CONDITIONS = DEBUG;
				SWIFT_OPTIMIZATION_LEVEL = "-Onone";
			};
			name = Debug;
		};
		FAC38BB422A7A86400A81354 /* Release */ = {
			isa = XCBuildConfiguration;
			buildSettings = {
				ALWAYS_SEARCH_USER_PATHS = NO;
				CLANG_ANALYZER_NONNULL = YES;
				CLANG_ANALYZER_NUMBER_OBJECT_CONVERSION = YES_AGGRESSIVE;
				CLANG_CXX_LANGUAGE_STANDARD = "gnu++14";
				CLANG_CXX_LIBRARY = "libc++";
				CLANG_ENABLE_MODULES = YES;
				CLANG_ENABLE_OBJC_ARC = YES;
				CLANG_ENABLE_OBJC_WEAK = YES;
				CLANG_WARN_BLOCK_CAPTURE_AUTORELEASING = YES;
				CLANG_WARN_BOOL_CONVERSION = YES;
				CLANG_WARN_COMMA = YES;
				CLANG_WARN_CONSTANT_CONVERSION = YES;
				CLANG_WARN_DEPRECATED_OBJC_IMPLEMENTATIONS = YES;
				CLANG_WARN_DIRECT_OBJC_ISA_USAGE = YES_ERROR;
				CLANG_WARN_DOCUMENTATION_COMMENTS = YES;
				CLANG_WARN_EMPTY_BODY = YES;
				CLANG_WARN_ENUM_CONVERSION = YES;
				CLANG_WARN_INFINITE_RECURSION = YES;
				CLANG_WARN_INT_CONVERSION = YES;
				CLANG_WARN_NON_LITERAL_NULL_CONVERSION = YES;
				CLANG_WARN_OBJC_IMPLICIT_RETAIN_SELF = YES;
				CLANG_WARN_OBJC_LITERAL_CONVERSION = YES;
				CLANG_WARN_OBJC_ROOT_CLASS = YES_ERROR;
				CLANG_WARN_RANGE_LOOP_ANALYSIS = YES;
				CLANG_WARN_STRICT_PROTOTYPES = YES;
				CLANG_WARN_SUSPICIOUS_MOVE = YES;
				CLANG_WARN_UNGUARDED_AVAILABILITY = YES_AGGRESSIVE;
				CLANG_WARN_UNREACHABLE_CODE = YES;
				CLANG_WARN__DUPLICATE_METHOD_MATCH = YES;
				CODE_SIGN_IDENTITY = "iPhone Developer";
				COPY_PHASE_STRIP = NO;
				DEBUG_INFORMATION_FORMAT = "dwarf-with-dsym";
				ENABLE_NS_ASSERTIONS = NO;
				ENABLE_STRICT_OBJC_MSGSEND = YES;
				GCC_C_LANGUAGE_STANDARD = gnu11;
				GCC_NO_COMMON_BLOCKS = YES;
				GCC_WARN_64_TO_32_BIT_CONVERSION = YES;
				GCC_WARN_ABOUT_RETURN_TYPE = YES_ERROR;
				GCC_WARN_UNDECLARED_SELECTOR = YES;
				GCC_WARN_UNINITIALIZED_AUTOS = YES_AGGRESSIVE;
				GCC_WARN_UNUSED_FUNCTION = YES;
				GCC_WARN_UNUSED_VARIABLE = YES;
				IPHONEOS_DEPLOYMENT_TARGET = 12.0;
				MTL_ENABLE_DEBUG_INFO = NO;
				MTL_FAST_MATH = YES;
				SDKROOT = iphoneos;
				SWIFT_COMPILATION_MODE = wholemodule;
				SWIFT_OPTIMIZATION_LEVEL = "-O";
				VALIDATE_PRODUCT = YES;
			};
			name = Release;
		};
		FAC38BB622A7A86400A81354 /* Debug */ = {
			isa = XCBuildConfiguration;
			baseConfigurationReference = F0ED23628A9F4AB451B99C4B /* Pods-ascr.debug.xcconfig */;
			buildSettings = {
				ASSETCATALOG_COMPILER_APPICON_NAME = AppIcon;
				CODE_SIGN_STYLE = Automatic;
				DEVELOPMENT_TEAM = J66N5FW6SY;
				INFOPLIST_FILE = ascr/Info.plist;
				IPHONEOS_DEPLOYMENT_TARGET = 12.0;
				LD_RUNPATH_SEARCH_PATHS = (
					"$(inherited)",
					"@executable_path/Frameworks",
				);
				PRODUCT_BUNDLE_IDENTIFIER = flora.ascr;
				PRODUCT_NAME = "$(TARGET_NAME)";
				SWIFT_VERSION = 4.2;
				TARGETED_DEVICE_FAMILY = "1,2";
			};
			name = Debug;
		};
		FAC38BB722A7A86400A81354 /* Release */ = {
			isa = XCBuildConfiguration;
			baseConfigurationReference = A50D24A1F1B608B096BFAD8A /* Pods-ascr.release.xcconfig */;
			buildSettings = {
				ASSETCATALOG_COMPILER_APPICON_NAME = AppIcon;
				CODE_SIGN_STYLE = Automatic;
				DEVELOPMENT_TEAM = J66N5FW6SY;
				INFOPLIST_FILE = ascr/Info.plist;
				IPHONEOS_DEPLOYMENT_TARGET = 12.0;
				LD_RUNPATH_SEARCH_PATHS = (
					"$(inherited)",
					"@executable_path/Frameworks",
				);
				PRODUCT_BUNDLE_IDENTIFIER = flora.ascr;
				PRODUCT_NAME = "$(TARGET_NAME)";
				SWIFT_VERSION = 4.2;
				TARGETED_DEVICE_FAMILY = "1,2";
			};
			name = Release;
		};
/* End XCBuildConfiguration section */

/* Begin XCConfigurationList section */
		FAC38B9E22A7A86300A81354 /* Build configuration list for PBXProject "ascr" */ = {
			isa = XCConfigurationList;
			buildConfigurations = (
				FAC38BB322A7A86400A81354 /* Debug */,
				FAC38BB422A7A86400A81354 /* Release */,
			);
			defaultConfigurationIsVisible = 0;
			defaultConfigurationName = Release;
		};
		FAC38BB522A7A86400A81354 /* Build configuration list for PBXNativeTarget "ascr" */ = {
			isa = XCConfigurationList;
			buildConfigurations = (
				FAC38BB622A7A86400A81354 /* Debug */,
				FAC38BB722A7A86400A81354 /* Release */,
			);
			defaultConfigurationIsVisible = 0;
			defaultConfigurationName = Release;
		};
/* End XCConfigurationList section */
	};
	rootObject = FAC38B9B22A7A86300A81354 /* Project object */;
}
